
Microsoft Visual Studio Solution File, Format Version 12.00
# Visual Studio Version 16
VisualStudioVersion = 16.0.31112.23
MinimumVisualStudioVersion = 10.0.40219.1
Project("{FAE04EC0-301F-11D3-BF4B-00C04F79EFBC}") = "GPSNotepad", "GPSNotepad\GPSNotepad\GPSNotepad.csproj", "{8A76B0F1-B30D-43F4-AB2B-FE864EEFD932}"
EndProject
Project("{FAE04EC0-301F-11D3-BF4B-00C04F79EFBC}") = "GPSNotepad.Android", "GPSNotepad\GPSNotepad.Android\GPSNotepad.Android.csproj", "{CF8D47CB-AFC8-4DE5-9DD9-97B354124B8A}"
EndProject
Project("{FAE04EC0-301F-11D3-BF4B-00C04F79EFBC}") = "GPSNotepad.iOS", "GPSNotepad\GPSNotepad.iOS\GPSNotepad.iOS.csproj", "{A7659533-E04D-476F-848B-78877BA3392C}"
EndProject
Global
	GlobalSection(SolutionConfigurationPlatforms) = preSolution
		Ad-Hoc|Any CPU = Ad-Hoc|Any CPU
		Ad-Hoc|iPhone = Ad-Hoc|iPhone
		Ad-Hoc|iPhoneSimulator = Ad-Hoc|iPhoneSimulator
		AppStore|Any CPU = AppStore|Any CPU
		AppStore|iPhone = AppStore|iPhone
		AppStore|iPhoneSimulator = AppStore|iPhoneSimulator
		Debug|Any CPU = Debug|Any CPU
		Debug|iPhone = Debug|iPhone
		Debug|iPhoneSimulator = Debug|iPhoneSimulator
		Release|Any CPU = Release|Any CPU
		Release|iPhone = Release|iPhone
		Release|iPhoneSimulator = Release|iPhoneSimulator
	EndGlobalSection
	GlobalSection(ProjectConfigurationPlatforms) = postSolution
		{8A76B0F1-B30D-43F4-AB2B-FE864EEFD932}.Ad-Hoc|Any CPU.ActiveCfg = Debug|Any CPU
		{8A76B0F1-B30D-43F4-AB2B-FE864EEFD932}.Ad-Hoc|Any CPU.Build.0 = Debug|Any CPU
		{8A76B0F1-B30D-43F4-AB2B-FE864EEFD932}.Ad-Hoc|iPhone.ActiveCfg = Debug|Any CPU
		{8A76B0F1-B30D-43F4-AB2B-FE864EEFD932}.Ad-Hoc|iPhone.Build.0 = Debug|Any CPU
		{8A76B0F1-B30D-43F4-AB2B-FE864EEFD932}.Ad-Hoc|iPhoneSimulator.ActiveCfg = Debug|Any CPU
		{8A76B0F1-B30D-43F4-AB2B-FE864EEFD932}.Ad-Hoc|iPhoneSimulator.Build.0 = Debug|Any CPU
		{8A76B0F1-B30D-43F4-AB2B-FE864EEFD932}.AppStore|Any CPU.ActiveCfg = Debug|Any CPU
		{8A76B0F1-B30D-43F4-AB2B-FE864EEFD932}.AppStore|Any CPU.Build.0 = Debug|Any CPU
		{8A76B0F1-B30D-43F4-AB2B-FE864EEFD932}.AppStore|iPhone.ActiveCfg = Debug|Any CPU
		{8A76B0F1-B30D-43F4-AB2B-FE864EEFD932}.AppStore|iPhone.Build.0 = Debug|Any CPU
		{8A76B0F1-B30D-43F4-AB2B-FE864EEFD932}.AppStore|iPhoneSimulator.ActiveCfg = Debug|Any CPU
		{8A76B0F1-B30D-43F4-AB2B-FE864EEFD932}.AppStore|iPhoneSimulator.Build.0 = Debug|Any CPU
		{8A76B0F1-B30D-43F4-AB2B-FE864EEFD932}.Debug|Any CPU.ActiveCfg = Debug|Any CPU
		{8A76B0F1-B30D-43F4-AB2B-FE864EEFD932}.Debug|Any CPU.Build.0 = Debug|Any CPU
		{8A76B0F1-B30D-43F4-AB2B-FE864EEFD932}.Debug|iPhone.ActiveCfg = Debug|Any CPU
		{8A76B0F1-B30D-43F4-AB2B-FE864EEFD932}.Debug|iPhone.Build.0 = Debug|Any CPU
		{8A76B0F1-B30D-43F4-AB2B-FE864EEFD932}.Debug|iPhoneSimulator.ActiveCfg = Debug|Any CPU
		{8A76B0F1-B30D-43F4-AB2B-FE864EEFD932}.Debug|iPhoneSimulator.Build.0 = Debug|Any CPU
		{8A76B0F1-B30D-43F4-AB2B-FE864EEFD932}.Release|Any CPU.ActiveCfg = Release|Any CPU
		{8A76B0F1-B30D-43F4-AB2B-FE864EEFD932}.Release|Any CPU.Build.0 = Release|Any CPU
		{8A76B0F1-B30D-43F4-AB2B-FE864EEFD932}.Release|iPhone.ActiveCfg = Release|Any CPU
		{8A76B0F1-B30D-43F4-AB2B-FE864EEFD932}.Release|iPhone.Build.0 = Release|Any CPU
		{8A76B0F1-B30D-43F4-AB2B-FE864EEFD932}.Release|iPhoneSimulator.ActiveCfg = Release|Any CPU
		{8A76B0F1-B30D-43F4-AB2B-FE864EEFD932}.Release|iPhoneSimulator.Build.0 = Release|Any CPU
		{CF8D47CB-AFC8-4DE5-9DD9-97B354124B8A}.Ad-Hoc|Any CPU.ActiveCfg = Debug|Any CPU
		{CF8D47CB-AFC8-4DE5-9DD9-97B354124B8A}.Ad-Hoc|Any CPU.Build.0 = Debug|Any CPU
		{CF8D47CB-AFC8-4DE5-9DD9-97B354124B8A}.Ad-Hoc|Any CPU.Deploy.0 = Debug|Any CPU
		{CF8D47CB-AFC8-4DE5-9DD9-97B354124B8A}.Ad-Hoc|iPhone.ActiveCfg = Debug|Any CPU
		{CF8D47CB-AFC8-4DE5-9DD9-97B354124B8A}.Ad-Hoc|iPhone.Build.0 = Debug|Any CPU
		{CF8D47CB-AFC8-4DE5-9DD9-97B354124B8A}.Ad-Hoc|iPhone.Deploy.0 = Debug|Any CPU
		{CF8D47CB-AFC8-4DE5-9DD9-97B354124B8A}.Ad-Hoc|iPhoneSimulator.ActiveCfg = Debug|Any CPU
		{CF8D47CB-AFC8-4DE5-9DD9-97B354124B8A}.Ad-Hoc|iPhoneSimulator.Build.0 = Debug|Any CPU
		{CF8D47CB-AFC8-4DE5-9DD9-97B354124B8A}.Ad-Hoc|iPhoneSimulator.Deploy.0 = Debug|Any CPU
		{CF8D47CB-AFC8-4DE5-9DD9-97B354124B8A}.AppStore|Any CPU.ActiveCfg = Debug|Any CPU
		{CF8D47CB-AFC8-4DE5-9DD9-97B354124B8A}.AppStore|Any CPU.Build.0 = Debug|Any CPU
		{CF8D47CB-AFC8-4DE5-9DD9-97B354124B8A}.AppStore|Any CPU.Deploy.0 = Debug|Any CPU
		{CF8D47CB-AFC8-4DE5-9DD9-97B354124B8A}.AppStore|iPhone.ActiveCfg = Debug|Any CPU
		{CF8D47CB-AFC8-4DE5-9DD9-97B354124B8A}.AppStore|iPhone.Build.0 = Debug|Any CPU
		{CF8D47CB-AFC8-4DE5-9DD9-97B354124B8A}.AppStore|iPhone.Deploy.0 = Debug|Any CPU
		{CF8D47CB-AFC8-4DE5-9DD9-97B354124B8A}.AppStore|iPhoneSimulator.ActiveCfg = Debug|Any CPU
		{CF8D47CB-AFC8-4DE5-9DD9-97B354124B8A}.AppStore|iPhoneSimulator.Build.0 = Debug|Any CPU
		{CF8D47CB-AFC8-4DE5-9DD9-97B354124B8A}.AppStore|iPhoneSimulator.Deploy.0 = Debug|Any CPU
		{CF8D47CB-AFC8-4DE5-9DD9-97B354124B8A}.Debug|Any CPU.ActiveCfg = Debug|Any CPU
		{CF8D47CB-AFC8-4DE5-9DD9-97B354124B8A}.Debug|Any CPU.Build.0 = Debug|Any CPU
		{CF8D47CB-AFC8-4DE5-9DD9-97B354124B8A}.Debug|Any CPU.Deploy.0 = Debug|Any CPU
		{CF8D47CB-AFC8-4DE5-9DD9-97B354124B8A}.Debug|iPhone.ActiveCfg = Debug|Any CPU
		{CF8D47CB-AFC8-4DE5-9DD9-97B354124B8A}.Debug|iPhone.Build.0 = Debug|Any CPU
		{CF8D47CB-AFC8-4DE5-9DD9-97B354124B8A}.Debug|iPhone.Deploy.0 = Debug|Any CPU
		{CF8D47CB-AFC8-4DE5-9DD9-97B354124B8A}.Debug|iPhoneSimulator.ActiveCfg = Debug|Any CPU
		{CF8D47CB-AFC8-4DE5-9DD9-97B354124B8A}.Debug|iPhoneSimulator.Build.0 = Debug|Any CPU
		{CF8D47CB-AFC8-4DE5-9DD9-97B354124B8A}.Debug|iPhoneSimulator.Deploy.0 = Debug|Any CPU
		{CF8D47CB-AFC8-4DE5-9DD9-97B354124B8A}.Release|Any CPU.ActiveCfg = Release|Any CPU
		{CF8D47CB-AFC8-4DE5-9DD9-97B354124B8A}.Release|Any CPU.Build.0 = Release|Any CPU
		{CF8D47CB-AFC8-4DE5-9DD9-97B354124B8A}.Release|Any CPU.Deploy.0 = Release|Any CPU
		{CF8D47CB-AFC8-4DE5-9DD9-97B354124B8A}.Release|iPhone.ActiveCfg = Release|Any CPU
		{CF8D47CB-AFC8-4DE5-9DD9-97B354124B8A}.Release|iPhone.Build.0 = Release|Any CPU
		{CF8D47CB-AFC8-4DE5-9DD9-97B354124B8A}.Release|iPhone.Deploy.0 = Release|Any CPU
		{CF8D47CB-AFC8-4DE5-9DD9-97B354124B8A}.Release|iPhoneSimulator.ActiveCfg = Release|Any CPU
		{CF8D47CB-AFC8-4DE5-9DD9-97B354124B8A}.Release|iPhoneSimulator.Build.0 = Release|Any CPU
		{CF8D47CB-AFC8-4DE5-9DD9-97B354124B8A}.Release|iPhoneSimulator.Deploy.0 = Release|Any CPU
		{A7659533-E04D-476F-848B-78877BA3392C}.Ad-Hoc|Any CPU.ActiveCfg = Ad-Hoc|iPhoneSimulator
		{A7659533-E04D-476F-848B-78877BA3392C}.Ad-Hoc|iPhone.ActiveCfg = Ad-Hoc|iPhone
		{A7659533-E04D-476F-848B-78877BA3392C}.Ad-Hoc|iPhone.Build.0 = Ad-Hoc|iPhone
		{A7659533-E04D-476F-848B-78877BA3392C}.Ad-Hoc|iPhoneSimulator.ActiveCfg = Ad-Hoc|iPhoneSimulator
		{A7659533-E04D-476F-848B-78877BA3392C}.Ad-Hoc|iPhoneSimulator.Build.0 = Ad-Hoc|iPhoneSimulator
		{A7659533-E04D-476F-848B-78877BA3392C}.AppStore|Any CPU.ActiveCfg = AppStore|iPhoneSimulator
		{A7659533-E04D-476F-848B-78877BA3392C}.AppStore|iPhone.ActiveCfg = AppStore|iPhone
		{A7659533-E04D-476F-848B-78877BA3392C}.AppStore|iPhone.Build.0 = AppStore|iPhone
		{A7659533-E04D-476F-848B-78877BA3392C}.AppStore|iPhoneSimulator.ActiveCfg = AppStore|iPhoneSimulator
		{A7659533-E04D-476F-848B-78877BA3392C}.AppStore|iPhoneSimulator.Build.0 = AppStore|iPhoneSimulator
		{A7659533-E04D-476F-848B-78877BA3392C}.Debug|Any CPU.ActiveCfg = Debug|iPhoneSimulator
		{A7659533-E04D-476F-848B-78877BA3392C}.Debug|iPhone.ActiveCfg = Debug|iPhone
		{A7659533-E04D-476F-848B-78877BA3392C}.Debug|iPhone.Build.0 = Debug|iPhone
		{A7659533-E04D-476F-848B-78877BA3392C}.Debug|iPhoneSimulator.ActiveCfg = Debug|iPhoneSimulator
		{A7659533-E04D-476F-848B-78877BA3392C}.Debug|iPhoneSimulator.Build.0 = Debug|iPhoneSimulator
		{A7659533-E04D-476F-848B-78877BA3392C}.Release|Any CPU.ActiveCfg = Release|iPhoneSimulator
		{A7659533-E04D-476F-848B-78877BA3392C}.Release|iPhone.ActiveCfg = Release|iPhone
		{A7659533-E04D-476F-848B-78877BA3392C}.Release|iPhone.Build.0 = Release|iPhone
		{A7659533-E04D-476F-848B-78877BA3392C}.Release|iPhoneSimulator.ActiveCfg = Release|iPhoneSimulator
		{A7659533-E04D-476F-848B-78877BA3392C}.Release|iPhoneSimulator.Build.0 = Release|iPhoneSimulator
	EndGlobalSection
	GlobalSection(SolutionProperties) = preSolution
		HideSolutionNode = FALSE
	EndGlobalSection
	GlobalSection(ExtensibilityGlobals) = postSolution
		SolutionGuid = {431A2AA8-B9E1-4EB0-AD3C-C3550E168BFB}
	EndGlobalSection
EndGlobal
